// !$*UTF8*$!
{
	archiveVersion = 1;
	classes = {
	};
	objectVersion = 46;
	objects = {

/* Begin PBXBuildFile section */
		12C015161F68C49500CB8394 /* main.m in Sources */ = {isa = PBXBuildFile; fileRef = 12C015151F68C49500CB8394 /* main.m */; };
		12C015191F68C49500CB8394 /* AppDelegate.m in Sources */ = {isa = PBXBuildFile; fileRef = 12C015181F68C49500CB8394 /* AppDelegate.m */; };
		12C0151C1F68C49500CB8394 /* ViewController.m in Sources */ = {isa = PBXBuildFile; fileRef = 12C0151B1F68C49500CB8394 /* ViewController.m */; };
		12C0151F1F68C49500CB8394 /* Main.storyboard in Resources */ = {isa = PBXBuildFile; fileRef = 12C0151D1F68C49500CB8394 /* Main.storyboard */; };
		12C015211F68C49500CB8394 /* Assets.xcassets in Resources */ = {isa = PBXBuildFile; fileRef = 12C015201F68C49500CB8394 /* Assets.xcassets */; };
		12C015241F68C49500CB8394 /* LaunchScreen.storyboard in Resources */ = {isa = PBXBuildFile; fileRef = 12C015221F68C49500CB8394 /* LaunchScreen.storyboard */; };
		12C0152F1F68C49500CB8394 /* APPLaunchIntroductionTests.m in Sources */ = {isa = PBXBuildFile; fileRef = 12C0152E1F68C49500CB8394 /* APPLaunchIntroductionTests.m */; };
		12C0153A1F68C49500CB8394 /* APPLaunchIntroductionUITests.m in Sources */ = {isa = PBXBuildFile; fileRef = 12C015391F68C49500CB8394 /* APPLaunchIntroductionUITests.m */; };
		12C0154A1F68C4D400CB8394 /* LaunchIntroductionView.m in Sources */ = {isa = PBXBuildFile; fileRef = 12C015491F68C4D400CB8394 /* LaunchIntroductionView.m */; };
/* End PBXBuildFile section */

/* Begin PBXContainerItemProxy section */
		12C0152B1F68C49500CB8394 /* PBXContainerItemProxy */ = {
			isa = PBXContainerItemProxy;
			containerPortal = 12C015091F68C49500CB8394 /* Project object */;
			proxyType = 1;
			remoteGlobalIDString = 12C015101F68C49500CB8394;
			remoteInfo = APPLaunchIntroduction;
		};
		12C015361F68C49500CB8394 /* PBXContainerItemProxy */ = {
			isa = PBXContainerItemProxy;
			containerPortal = 12C015091F68C49500CB8394 /* Project object */;
			proxyType = 1;
			remoteGlobalIDString = 12C015101F68C49500CB8394;
			remoteInfo = APPLaunchIntroduction;
		};
/* End PBXContainerItemProxy section */

/* Begin PBXFileReference section */
		12C015111F68C49500CB8394 /* APPLaunchIntroduction.app */ = {isa = PBXFileReference; explicitFileType = wrapper.application; includeInIndex = 0; path = APPLaunchIntroduction.app; sourceTree = BUILT_PRODUCTS_DIR; };
		12C015151F68C49500CB8394 /* main.m */ = {isa = PBXFileReference; lastKnownFileType = sourcecode.c.objc; path = main.m; sourceTree = "<group>"; };
		12C015171F68C49500CB8394 /* AppDelegate.h */ = {isa = PBXFileReference; lastKnownFileType = sourcecode.c.h; path = AppDelegate.h; sourceTree = "<group>"; };
		12C015181F68C49500CB8394 /* AppDelegate.m */ = {isa = PBXFileReference; lastKnownFileType = sourcecode.c.objc; path = AppDelegate.m; sourceTree = "<group>"; };
		12C0151A1F68C49500CB8394 /* ViewController.h */ = {isa = PBXFileReference; lastKnownFileType = sourcecode.c.h; path = ViewController.h; sourceTree = "<group>"; };
		12C0151B1F68C49500CB8394 /* ViewController.m */ = {isa = PBXFileReference; lastKnownFileType = sourcecode.c.objc; path = ViewController.m; sourceTree = "<group>"; };
		12C0151E1F68C49500CB8394 /* Base */ = {isa = PBXFileReference; lastKnownFileType = file.storyboard; name = Base; path = Base.lproj/Main.storyboard; sourceTree = "<group>"; };
		12C015201F68C49500CB8394 /* Assets.xcassets */ = {isa = PBXFileReference; lastKnownFileType = folder.assetcatalog; path = Assets.xcassets; sourceTree = "<group>"; };
		12C015231F68C49500CB8394 /* Base */ = {isa = PBXFileReference; lastKnownFileType = file.storyboard; name = Base; path = Base.lproj/LaunchScreen.storyboard; sourceTree = "<group>"; };
		12C015251F68C49500CB8394 /* Info.plist */ = {isa = PBXFileReference; lastKnownFileType = text.plist.xml; path = Info.plist; sourceTree = "<group>"; };
		12C0152A1F68C49500CB8394 /* APPLaunchIntroductionTests.xctest */ = {isa = PBXFileReference; explicitFileType = wrapper.cfbundle; includeInIndex = 0; path = APPLaunchIntroductionTests.xctest; sourceTree = BUILT_PRODUCTS_DIR; };
		12C0152E1F68C49500CB8394 /* APPLaunchIntroductionTests.m */ = {isa = PBXFileReference; lastKnownFileType = sourcecode.c.objc; path = APPLaunchIntroductionTests.m; sourceTree = "<group>"; };
		12C015301F68C49500CB8394 /* Info.plist */ = {isa = PBXFileReference; lastKnownFileType = text.plist.xml; path = Info.plist; sourceTree = "<group>"; };
		12C015351F68C49500CB8394 /* APPLaunchIntroductionUITests.xctest */ = {isa = PBXFileReference; explicitFileType = wrapper.cfbundle; includeInIndex = 0; path = APPLaunchIntroductionUITests.xctest; sourceTree = BUILT_PRODUCTS_DIR; };
		12C015391F68C49500CB8394 /* APPLaunchIntroductionUITests.m */ = {isa = PBXFileReference; lastKnownFileType = sourcecode.c.objc; path = APPLaunchIntroductionUITests.m; sourceTree = "<group>"; };
		12C0153B1F68C49500CB8394 /* Info.plist */ = {isa = PBXFileReference; lastKnownFileType = text.plist.xml; path = Info.plist; sourceTree = "<group>"; };
		12C015481F68C4D400CB8394 /* LaunchIntroductionView.h */ = {isa = PBXFileReference; fileEncoding = 4; lastKnownFileType = sourcecode.c.h; path = LaunchIntroductionView.h; sourceTree = "<group>"; };
		12C015491F68C4D400CB8394 /* LaunchIntroductionView.m */ = {isa = PBXFileReference; fileEncoding = 4; lastKnownFileType = sourcecode.c.objc; path = LaunchIntroductionView.m; sourceTree = "<group>"; };
/* End PBXFileReference section */

/* Begin PBXFrameworksBuildPhase section */
		12C0150E1F68C49500CB8394 /* Frameworks */ = {
			isa = PBXFrameworksBuildPhase;
			buildActionMask = 2147483647;
			files = (
			);
			runOnlyForDeploymentPostprocessing = 0;
		};
		12C015271F68C49500CB8394 /* Frameworks */ = {
			isa = PBXFrameworksBuildPhase;
			buildActionMask = 2147483647;
			files = (
			);
			runOnlyForDeploymentPostprocessing = 0;
		};
		12C015321F68C49500CB8394 /* Frameworks */ = {
			isa = PBXFrameworksBuildPhase;
			buildActionMask = 2147483647;
			files = (
			);
			runOnlyForDeploymentPostprocessing = 0;
		};
/* End PBXFrameworksBuildPhase section */

/* Begin PBXGroup section */
		12C015081F68C49500CB8394 = {
			isa = PBXGroup;
			children = (
				12C015131F68C49500CB8394 /* APPLaunchIntroduction */,
				12C0152D1F68C49500CB8394 /* APPLaunchIntroductionTests */,
				12C015381F68C49500CB8394 /* APPLaunchIntroductionUITests */,
				12C015121F68C49500CB8394 /* Products */,
			);
			sourceTree = "<group>";
		};
		12C015121F68C49500CB8394 /* Products */ = {
			isa = PBXGroup;
			children = (
				12C015111F68C49500CB8394 /* APPLaunchIntroduction.app */,
				12C0152A1F68C49500CB8394 /* APPLaunchIntroductionTests.xctest */,
				12C015351F68C49500CB8394 /* APPLaunchIntroductionUITests.xctest */,
			);
			name = Products;
			sourceTree = "<group>";
		};
		12C015131F68C49500CB8394 /* APPLaunchIntroduction */ = {
			isa = PBXGroup;
			children = (
				12C015471F68C4C200CB8394 /* LaunchIntroduction */,
				12C015171F68C49500CB8394 /* AppDelegate.h */,
				12C015181F68C49500CB8394 /* AppDelegate.m */,
				12C0151A1F68C49500CB8394 /* ViewController.h */,
				12C0151B1F68C49500CB8394 /* ViewController.m */,
				12C0151D1F68C49500CB8394 /* Main.storyboard */,
				12C015201F68C49500CB8394 /* Assets.xcassets */,
				12C015221F68C49500CB8394 /* LaunchScreen.storyboard */,
				12C015251F68C49500CB8394 /* Info.plist */,
				12C015141F68C49500CB8394 /* Supporting Files */,
			);
			path = APPLaunchIntroduction;
			sourceTree = "<group>";
		};
		12C015141F68C49500CB8394 /* Supporting Files */ = {
			isa = PBXGroup;
			children = (
				12C015151F68C49500CB8394 /* main.m */,
			);
			name = "Supporting Files";
			sourceTree = "<group>";
		};
		12C0152D1F68C49500CB8394 /* APPLaunchIntroductionTests */ = {
			isa = PBXGroup;
			children = (
				12C0152E1F68C49500CB8394 /* APPLaunchIntroductionTests.m */,
				12C015301F68C49500CB8394 /* Info.plist */,
			);
			path = APPLaunchIntroductionTests;
			sourceTree = "<group>";
		};
		12C015381F68C49500CB8394 /* APPLaunchIntroductionUITests */ = {
			isa = PBXGroup;
			children = (
				12C015391F68C49500CB8394 /* APPLaunchIntroductionUITests.m */,
				12C0153B1F68C49500CB8394 /* Info.plist */,
			);
			path = APPLaunchIntroductionUITests;
			sourceTree = "<group>";
		};
		12C015471F68C4C200CB8394 /* LaunchIntroduction */ = {
			isa = PBXGroup;
			children = (
				12C015481F68C4D400CB8394 /* LaunchIntroductionView.h */,
				12C015491F68C4D400CB8394 /* LaunchIntroductionView.m */,
			);
			path = LaunchIntroduction;
			sourceTree = "<group>";
		};
/* End PBXGroup section */

/* Begin PBXNativeTarget section */
		12C015101F68C49500CB8394 /* APPLaunchIntroduction */ = {
			isa = PBXNativeTarget;
			buildConfigurationList = 12C0153E1F68C49500CB8394 /* Build configuration list for PBXNativeTarget "APPLaunchIntroduction" */;
			buildPhases = (
				12C0150D1F68C49500CB8394 /* Sources */,
				12C0150E1F68C49500CB8394 /* Frameworks */,
				12C0150F1F68C49500CB8394 /* Resources */,
			);
			buildRules = (
			);
			dependencies = (
			);
			name = APPLaunchIntroduction;
			productName = APPLaunchIntroduction;
			productReference = 12C015111F68C49500CB8394 /* APPLaunchIntroduction.app */;
			productType = "com.apple.product-type.application";
		};
		12C015291F68C49500CB8394 /* APPLaunchIntroductionTests */ = {
			isa = PBXNativeTarget;
			buildConfigurationList = 12C015411F68C49500CB8394 /* Build configuration list for PBXNativeTarget "APPLaunchIntroductionTests" */;
			buildPhases = (
				12C015261F68C49500CB8394 /* Sources */,
				12C015271F68C49500CB8394 /* Frameworks */,
				12C015281F68C49500CB8394 /* Resources */,
			);
			buildRules = (
			);
			dependencies = (
				12C0152C1F68C49500CB8394 /* PBXTargetDependency */,
			);
			name = APPLaunchIntroductionTests;
			productName = APPLaunchIntroductionTests;
			productReference = 12C0152A1F68C49500CB8394 /* APPLaunchIntroductionTests.xctest */;
			productType = "com.apple.product-type.bundle.unit-test";
		};
		12C015341F68C49500CB8394 /* APPLaunchIntroductionUITests */ = {
			isa = PBXNativeTarget;
			buildConfigurationList = 12C015441F68C49500CB8394 /* Build configuration list for PBXNativeTarget "APPLaunchIntroductionUITests" */;
			buildPhases = (
				12C015311F68C49500CB8394 /* Sources */,
				12C015321F68C49500CB8394 /* Frameworks */,
				12C015331F68C49500CB8394 /* Resources */,
			);
			buildRules = (
			);
			dependencies = (
				12C015371F68C49500CB8394 /* PBXTargetDependency */,
			);
			name = APPLaunchIntroductionUITests;
			productName = APPLaunchIntroductionUITests;
			productReference = 12C015351F68C49500CB8394 /* APPLaunchIntroductionUITests.xctest */;
			productType = "com.apple.product-type.bundle.ui-testing";
		};
/* End PBXNativeTarget section */

/* Begin PBXProject section */
		12C015091F68C49500CB8394 /* Project object */ = {
			isa = PBXProject;
			attributes = {
				LastUpgradeCheck = 0830;
				ORGANIZATIONNAME = fangxian;
				TargetAttributes = {
					12C015101F68C49500CB8394 = {
						CreatedOnToolsVersion = 8.3.2;
						ProvisioningStyle = Automatic;
					};
					12C015291F68C49500CB8394 = {
						CreatedOnToolsVersion = 8.3.2;
						ProvisioningStyle = Automatic;
						TestTargetID = 12C015101F68C49500CB8394;
					};
					12C015341F68C49500CB8394 = {
						CreatedOnToolsVersion = 8.3.2;
						ProvisioningStyle = Automatic;
						TestTargetID = 12C015101F68C49500CB8394;
					};
				};
			};
			buildConfigurationList = 12C0150C1F68C49500CB8394 /* Build configuration list for PBXProject "APPLaunchIntroduction" */;
			compatibilityVersion = "Xcode 3.2";
			developmentRegion = English;
			hasScannedForEncodings = 0;
			knownRegions = (
				en,
				Base,
			);
			mainGroup = 12C015081F68C49500CB8394;
			productRefGroup = 12C015121F68C49500CB8394 /* Products */;
			projectDirPath = "";
			projectRoot = "";
			targets = (
				12C015101F68C49500CB8394 /* APPLaunchIntroduction */,
				12C015291F68C49500CB8394 /* APPLaunchIntroductionTests */,
				12C015341F68C49500CB8394 /* APPLaunchIntroductionUITests */,
			);
		};
/* End PBXProject section */

/* Begin PBXResourcesBuildPhase section */
		12C0150F1F68C49500CB8394 /* Resources */ = {
			isa = PBXResourcesBuildPhase;
			buildActionMask = 2147483647;
			files = (
				12C015241F68C49500CB8394 /* LaunchScreen.storyboard in Resources */,
				12C015211F68C49500CB8394 /* Assets.xcassets in Resources */,
				12C0151F1F68C49500CB8394 /* Main.storyboard in Resources */,
			);
			runOnlyForDeploymentPostprocessing = 0;
		};
		12C015281F68C49500CB8394 /* Resources */ = {
			isa = PBXResourcesBuildPhase;
			buildActionMask = 2147483647;
			files = (
			);
			runOnlyForDeploymentPostprocessing = 0;
		};
		12C015331F68C49500CB8394 /* Resources */ = {
			isa = PBXResourcesBuildPhase;
			buildActionMask = 2147483647;
			files = (
			);
			runOnlyForDeploymentPostprocessing = 0;
		};
/* End PBXResourcesBuildPhase section */

/* Begin PBXSourcesBuildPhase section */
		12C0150D1F68C49500CB8394 /* Sources */ = {
			isa = PBXSourcesBuildPhase;
			buildActionMask = 2147483647;
			files = (
				12C0151C1F68C49500CB8394 /* ViewController.m in Sources */,
				12C015191F68C49500CB8394 /* AppDelegate.m in Sources */,
				12C015161F68C49500CB8394 /* main.m in Sources */,
				12C0154A1F68C4D400CB8394 /* LaunchIntroductionView.m in Sources */,
			);
			runOnlyForDeploymentPostprocessing = 0;
		};
		12C015261F68C49500CB8394 /* Sources */ = {
			isa = PBXSourcesBuildPhase;
			buildActionMask = 2147483647;
			files = (
				12C0152F1F68C49500CB8394 /* APPLaunchIntroductionTests.m in Sources */,
			);
			runOnlyForDeploymentPostprocessing = 0;
		};
		12C015311F68C49500CB8394 /* Sources */ = {
			isa = PBXSourcesBuildPhase;
			buildActionMask = 2147483647;
			files = (
				12C0153A1F68C49500CB8394 /* APPLaunchIntroductionUITests.m in Sources */,
			);
			runOnlyForDeploymentPostprocessing = 0;
		};
/* End PBXSourcesBuildPhase section */

/* Begin PBXTargetDependency section */
		12C0152C1F68C49500CB8394 /* PBXTargetDependency */ = {
			isa = PBXTargetDependency;
			target = 12C015101F68C49500CB8394 /* APPLaunchIntroduction */;
			targetProxy = 12C0152B1F68C49500CB8394 /* PBXContainerItemProxy */;
		};
		12C015371F68C49500CB8394 /* PBXTargetDependency */ = {
			isa = PBXTargetDependency;
			target = 12C015101F68C49500CB8394 /* APPLaunchIntroduction */;
			targetProxy = 12C015361F68C49500CB8394 /* PBXContainerItemProxy */;
		};
/* End PBXTargetDependency section */

/* Begin PBXVariantGroup section */
		12C0151D1F68C49500CB8394 /* Main.storyboard */ = {
			isa = PBXVariantGroup;
			children = (
				12C0151E1F68C49500CB8394 /* Base */,
			);
			name = Main.storyboard;
			sourceTree = "<group>";
		};
		12C015221F68C49500CB8394 /* LaunchScreen.storyboard */ = {
			isa = PBXVariantGroup;
			children = (
				12C015231F68C49500CB8394 /* Base */,
			);
			name = LaunchScreen.storyboard;
			sourceTree = "<group>";
		};
/* End PBXVariantGroup section */

/* Begin XCBuildConfiguration section */
		12C0153C1F68C49500CB8394 /* Debug */ = {
			isa = XCBuildConfiguration;
			buildSettings = {
				ALWAYS_SEARCH_USER_PATHS = NO;
				CLANG_ANALYZER_NONNULL = YES;
				CLANG_ANALYZER_NUMBER_OBJECT_CONVERSION = YES_AGGRESSIVE;
				CLANG_CXX_LANGUAGE_STANDARD = "gnu++0x";
				CLANG_CXX_LIBRARY = "libc++";
				CLANG_ENABLE_MODULES = YES;
				CLANG_ENABLE_OBJC_ARC = YES;
				CLANG_WARN_BOOL_CONVERSION = YES;
				CLANG_WARN_CONSTANT_CONVERSION = YES;
				CLANG_WARN_DIRECT_OBJC_ISA_USAGE = YES_ERROR;
				CLANG_WARN_DOCUMENTATION_COMMENTS = YES;
				CLANG_WARN_EMPTY_BODY = YES;
				CLANG_WARN_ENUM_CONVERSION = YES;
				CLANG_WARN_INFINITE_RECURSION = YES;
				CLANG_WARN_INT_CONVERSION = YES;
				CLANG_WARN_OBJC_ROOT_CLASS = YES_ERROR;
				CLANG_WARN_SUSPICIOUS_MOVE = YES;
				CLANG_WARN_UNREACHABLE_CODE = YES;
				CLANG_WARN__DUPLICATE_METHOD_MATCH = YES;
				"CODE_SIGN_IDENTITY[sdk=iphoneos*]" = "iPhone Developer";
				COPY_PHASE_STRIP = NO;
				DEBUG_INFORMATION_FORMAT = dwarf;
				ENABLE_STRICT_OBJC_MSGSEND = YES;
				ENABLE_TESTABILITY = YES;
				GCC_C_LANGUAGE_STANDARD = gnu99;
				GCC_DYNAMIC_NO_PIC = NO;
				GCC_NO_COMMON_BLOCKS = YES;
				GCC_OPTIMIZATION_LEVEL = 0;
				GCC_PREPROCESSOR_DEFINITIONS = (
					"DEBUG=1",
					"$(inherited)",
				);
				GCC_WARN_64_TO_32_BIT_CONVERSION = YES;
				GCC_WARN_ABOUT_RETURN_TYPE = YES_ERROR;
				GCC_WARN_UNDECLARED_SELECTOR = YES;
				GCC_WARN_UNINITIALIZED_AUTOS = YES_AGGRESSIVE;
				GCC_WARN_UNUSED_FUNCTION = YES;
				GCC_WARN_UNUSED_VARIABLE = YES;
				IPHONEOS_DEPLOYMENT_TARGET = 10.3;
				MTL_ENABLE_DEBUG_INFO = YES;
				ONLY_ACTIVE_ARCH = YES;
				SDKROOT = iphoneos;
				TARGETED_DEVICE_FAMILY = "1,2";
			};
			name = Debug;
		};
		12C0153D1F68C49500CB8394 /* Release */ = {
			isa = XCBuildConfiguration;
			buildSettings = {
				ALWAYS_SEARCH_USER_PATHS = NO;
				CLANG_ANALYZER_NONNULL = YES;
				CLANG_ANALYZER_NUMBER_OBJECT_CONVERSION = YES_AGGRESSIVE;
				CLANG_CXX_LANGUAGE_STANDARD = "gnu++0x";
				CLANG_CXX_LIBRARY = "libc++";
				CLANG_ENABLE_MODULES = YES;
				CLANG_ENABLE_OBJC_ARC = YES;
				CLANG_WARN_BOOL_CONVERSION = YES;
				CLANG_WARN_CONSTANT_CONVERSION = YES;
				CLANG_WARN_DIRECT_OBJC_ISA_USAGE = YES_ERROR;
				CLANG_WARN_DOCUMENTATION_COMMENTS = YES;
				CLANG_WARN_EMPTY_BODY = YES;
				CLANG_WARN_ENUM_CONVERSION = YES;
				CLANG_WARN_INFINITE_RECURSION = YES;
				CLANG_WARN_INT_CONVERSION = YES;
				CLANG_WARN_OBJC_ROOT_CLASS = YES_ERROR;
				CLANG_WARN_SUSPICIOUS_MOVE = YES;
				CLANG_WARN_UNREACHABLE_CODE = YES;
				CLANG_WARN__DUPLICATE_METHOD_MATCH = YES;
				"CODE_SIGN_IDENTITY[sdk=iphoneos*]" = "iPhone Developer";
				COPY_PHASE_STRIP = NO;
				DEBUG_INFORMATION_FORMAT = "dwarf-with-dsym";
				ENABLE_NS_ASSERTIONS = NO;
				ENABLE_STRICT_OBJC_MSGSEND = YES;
				GCC_C_LANGUAGE_STANDARD = gnu99;
				GCC_NO_COMMON_BLOCKS = YES;
				GCC_WARN_64_TO_32_BIT_CONVERSION = YES;
				GCC_WARN_ABOUT_RETURN_TYPE = YES_ERROR;
				GCC_WARN_UNDECLARED_SELECTOR = YES;
				GCC_WARN_UNINITIALIZED_AUTOS = YES_AGGRESSIVE;
				GCC_WARN_UNUSED_FUNCTION = YES;
				GCC_WARN_UNUSED_VARIABLE = YES;
				IPHONEOS_DEPLOYMENT_TARGET = 10.3;
				MTL_ENABLE_DEBUG_INFO = NO;
				SDKROOT = iphoneos;
				TARGETED_DEVICE_FAMILY = "1,2";
				VALIDATE_PRODUCT = YES;
			};
			name = Release;
		};
		12C0153F1F68C49500CB8394 /* Debug */ = {
			isa = XCBuildConfiguration;
			buildSettings = {
				ASSETCATALOG_COMPILER_APPICON_NAME = AppIcon;
				INFOPLIST_FILE = APPLaunchIntroduction/Info.plist;
				LD_RUNPATH_SEARCH_PATHS = "$(inherited) @executable_path/Frameworks";
				PRODUCT_BUNDLE_IDENTIFIER = fangxian.APPLaunchIntroduction;
				PRODUCT_NAME = "$(TARGET_NAME)";
			};
			name = Debug;
		};
		12C015401F68C49500CB8394 /* Release */ = {
			isa = XCBuildConfiguration;
			buildSettings = {
				ASSETCATALOG_COMPILER_APPICON_NAME = AppIcon;
				INFOPLIST_FILE = APPLaunchIntroduction/Info.plist;
				LD_RUNPATH_SEARCH_PATHS = "$(inherited) @executable_path/Frameworks";
				PRODUCT_BUNDLE_IDENTIFIER = fangxian.APPLaunchIntroduction;
				PRODUCT_NAME = "$(TARGET_NAME)";
			};
			name = Release;
		};
		12C015421F68C49500CB8394 /* Debug */ = {
			isa = XCBuildConfiguration;
			buildSettings = {
				BUNDLE_LOADER = "$(TEST_HOST)";
				INFOPLIST_FILE = APPLaunchIntroductionTests/Info.plist;
				LD_RUNPATH_SEARCH_PATHS = "$(inherited) @executable_path/Frameworks @loader_path/Frameworks";
				PRODUCT_BUNDLE_IDENTIFIER = fangxian.APPLaunchIntroductionTests;
				PRODUCT_NAME = "$(TARGET_NAME)";
				TEST_HOST = "$(BUILT_PRODUCTS_DIR)/APPLaunchIntroduction.app/APPLaunchIntroduction";
			};
			name = Debug;
		};
		12C015431F68C49500CB8394 /* Release */ = {
			isa = XCBuildConfiguration;
			buildSettings = {
				BUNDLE_LOADER = "$(TEST_HOST)";
				INFOPLIST_FILE = APPLaunchIntroductionTests/Info.plist;
				LD_RUNPATH_SEARCH_PATHS = "$(inherited) @executable_path/Frameworks @loader_path/Frameworks";
				PRODUCT_BUNDLE_IDENTIFIER = fangxian.APPLaunchIntroductionTests;
				PRODUCT_NAME = "$(TARGET_NAME)";
				TEST_HOST = "$(BUILT_PRODUCTS_DIR)/APPLaunchIntroduction.app/APPLaunchIntroduction";
			};
			name = Release;
		};
		12C015451F68C49500CB8394 /* Debug */ = {
			isa = XCBuildConfiguration;
			buildSettings = {
				INFOPLIST_FILE = APPLaunchIntroductionUITests/Info.plist;
				LD_RUNPATH_SEARCH_PATHS = "$(inherited) @executable_path/Frameworks @loader_path/Frameworks";
				PRODUCT_BUNDLE_IDENTIFIER = fangxian.APPLaunchIntroductionUITests;
				PRODUCT_NAME = "$(TARGET_NAME)";
				TEST_TARGET_NAME = APPLaunchIntroduction;
			};
			name = Debug;
		};
		12C015461F68C49500CB8394 /* Release */ = {
			isa = XCBuildConfiguration;
			buildSettings = {
				INFOPLIST_FILE = APPLaunchIntroductionUITests/Info.plist;
				LD_RUNPATH_SEARCH_PATHS = "$(inherited) @executable_path/Frameworks @loader_path/Frameworks";
				PRODUCT_BUNDLE_IDENTIFIER = fangxian.APPLaunchIntroductionUITests;
				PRODUCT_NAME = "$(TARGET_NAME)";
				TEST_TARGET_NAME = APPLaunchIntroduction;
			};
			name = Release;
		};
/* End XCBuildConfiguration section */

/* Begin XCConfigurationList section */
		12C0150C1F68C49500CB8394 /* Build configuration list for PBXProject "APPLaunchIntroduction" */ = {
			isa = XCConfigurationList;
			buildConfigurations = (
				12C0153C1F68C49500CB8394 /* Debug */,
				12C0153D1F68C49500CB8394 /* Release */,
			);
			defaultConfigurationIsVisible = 0;
			defaultConfigurationName = Release;
		};
		12C0153E1F68C49500CB8394 /* Build configuration list for PBXNativeTarget "APPLaunchIntroduction" */ = {
			isa = XCConfigurationList;
			buildConfigurations = (
				12C0153F1F68C49500CB8394 /* Debug */,
				12C015401F68C49500CB8394 /* Release */,
			);
			defaultConfigurationIsVisible = 0;
		};
		12C015411F68C49500CB8394 /* Build configuration list for PBXNativeTarget "APPLaunchIntroductionTests" */ = {
			isa = XCConfigurationList;
			buildConfigurations = (
				12C015421F68C49500CB8394 /* Debug */,
				12C015431F68C49500CB8394 /* Release */,
			);
			defaultConfigurationIsVisible = 0;
		};
		12C015441F68C49500CB8394 /* Build configuration list for PBXNativeTarget "APPLaunchIntroductionUITests" */ = {
			isa = XCConfigurationList;
			buildConfigurations = (
				12C015451F68C49500CB8394 /* Debug */,
				12C015461F68C49500CB8394 /* Release */,
			);
			defaultConfigurationIsVisible = 0;
		};
/* End XCConfigurationList section */
	};
	rootObject = 12C015091F68C49500CB8394 /* Project object */;
}
